
Microsoft Visual Studio Solution File, Format Version 12.00
# Visual Studio Version 16
VisualStudioVersion = 16.0.28922.388
MinimumVisualStudioVersion = 10.0.40219.1
Project("{FAE04EC0-301F-11D3-BF4B-00C04F79EFBC}") = "GastroTransfer", "GastroTransfer\GastroTransfer.csproj", "{CFD9CEE6-2422-4C1C-A5A7-E11E376B0755}"
EndProject
Project("{FAE04EC0-301F-11D3-BF4B-00C04F79EFBC}") = "AngelProtocol", "..\AngelProtocol\AngelProtocol.csproj", "{DE6B7C60-8F38-4DA0-9CDD-5827CBF465CB}"
EndProject
Project("{FAE04EC0-301F-11D3-BF4B-00C04F79EFBC}") = "UnitTests", "UnitTests\UnitTests.csproj", "{907E53F4-7BE8-4FC2-A699-B50E9C0B3F4D}"
EndProject
Project("{9A19103F-16F7-4668-BE54-9A1E7A4F7556}") = "LsiEndpointSupport", "LsiEndpointSupport\LsiEndpointSupport.csproj", "{B7FA7F91-2D79-450C-AFB7-E278A70A35AD}"
EndProject
Project("{9A19103F-16F7-4668-BE54-9A1E7A4F7556}") = "GastroTransferManager", "GastroTransferManager\GastroTransferManager.csproj", "{B63ADF1A-C633-462B-AE5D-9F4545882E07}"
EndProject
Project("{9A19103F-16F7-4668-BE54-9A1E7A4F7556}") = "ProductionReport", "ProductionReport\ProductionReport.csproj", "{6C3DBA87-4B87-474D-8F39-E366ABD939DB}"
EndProject
Global
	GlobalSection(SolutionConfigurationPlatforms) = preSolution
		Debug|Any CPU = Debug|Any CPU
		Debug|ARM = Debug|ARM
		Debug|ARM64 = Debug|ARM64
		Debug|x64 = Debug|x64
		Debug|x86 = Debug|x86
		Release|Any CPU = Release|Any CPU
		Release|ARM = Release|ARM
		Release|ARM64 = Release|ARM64
		Release|x64 = Release|x64
		Release|x86 = Release|x86
	EndGlobalSection
	GlobalSection(ProjectConfigurationPlatforms) = postSolution
		{CFD9CEE6-2422-4C1C-A5A7-E11E376B0755}.Debug|Any CPU.ActiveCfg = Debug|Any CPU
		{CFD9CEE6-2422-4C1C-A5A7-E11E376B0755}.Debug|Any CPU.Build.0 = Debug|Any CPU
		{CFD9CEE6-2422-4C1C-A5A7-E11E376B0755}.Debug|ARM.ActiveCfg = Debug|Any CPU
		{CFD9CEE6-2422-4C1C-A5A7-E11E376B0755}.Debug|ARM.Build.0 = Debug|Any CPU
		{CFD9CEE6-2422-4C1C-A5A7-E11E376B0755}.Debug|ARM64.ActiveCfg = Debug|Any CPU
		{CFD9CEE6-2422-4C1C-A5A7-E11E376B0755}.Debug|ARM64.Build.0 = Debug|Any CPU
		{CFD9CEE6-2422-4C1C-A5A7-E11E376B0755}.Debug|x64.ActiveCfg = Debug|Any CPU
		{CFD9CEE6-2422-4C1C-A5A7-E11E376B0755}.Debug|x64.Build.0 = Debug|Any CPU
		{CFD9CEE6-2422-4C1C-A5A7-E11E376B0755}.Debug|x86.ActiveCfg = Debug|Any CPU
		{CFD9CEE6-2422-4C1C-A5A7-E11E376B0755}.Debug|x86.Build.0 = Debug|Any CPU
		{CFD9CEE6-2422-4C1C-A5A7-E11E376B0755}.Release|Any CPU.ActiveCfg = Release|Any CPU
		{CFD9CEE6-2422-4C1C-A5A7-E11E376B0755}.Release|Any CPU.Build.0 = Release|Any CPU
		{CFD9CEE6-2422-4C1C-A5A7-E11E376B0755}.Release|ARM.ActiveCfg = Release|Any CPU
		{CFD9CEE6-2422-4C1C-A5A7-E11E376B0755}.Release|ARM.Build.0 = Release|Any CPU
		{CFD9CEE6-2422-4C1C-A5A7-E11E376B0755}.Release|ARM64.ActiveCfg = Release|Any CPU
		{CFD9CEE6-2422-4C1C-A5A7-E11E376B0755}.Release|ARM64.Build.0 = Release|Any CPU
		{CFD9CEE6-2422-4C1C-A5A7-E11E376B0755}.Release|x64.ActiveCfg = Release|Any CPU
		{CFD9CEE6-2422-4C1C-A5A7-E11E376B0755}.Release|x64.Build.0 = Release|Any CPU
		{CFD9CEE6-2422-4C1C-A5A7-E11E376B0755}.Release|x86.ActiveCfg = Release|Any CPU
		{CFD9CEE6-2422-4C1C-A5A7-E11E376B0755}.Release|x86.Build.0 = Release|Any CPU
		{DE6B7C60-8F38-4DA0-9CDD-5827CBF465CB}.Debug|Any CPU.ActiveCfg = Debug|Any CPU
		{DE6B7C60-8F38-4DA0-9CDD-5827CBF465CB}.Debug|Any CPU.Build.0 = Debug|Any CPU
		{DE6B7C60-8F38-4DA0-9CDD-5827CBF465CB}.Debug|ARM.ActiveCfg = Debug|Any CPU
		{DE6B7C60-8F38-4DA0-9CDD-5827CBF465CB}.Debug|ARM.Build.0 = Debug|Any CPU
		{DE6B7C60-8F38-4DA0-9CDD-5827CBF465CB}.Debug|ARM64.ActiveCfg = Debug|Any CPU
		{DE6B7C60-8F38-4DA0-9CDD-5827CBF465CB}.Debug|ARM64.Build.0 = Debug|Any CPU
		{DE6B7C60-8F38-4DA0-9CDD-5827CBF465CB}.Debug|x64.ActiveCfg = Debug|Any CPU
		{DE6B7C60-8F38-4DA0-9CDD-5827CBF465CB}.Debug|x64.Build.0 = Debug|Any CPU
		{DE6B7C60-8F38-4DA0-9CDD-5827CBF465CB}.Debug|x86.ActiveCfg = Debug|Any CPU
		{DE6B7C60-8F38-4DA0-9CDD-5827CBF465CB}.Debug|x86.Build.0 = Debug|Any CPU
		{DE6B7C60-8F38-4DA0-9CDD-5827CBF465CB}.Release|Any CPU.ActiveCfg = Release|Any CPU
		{DE6B7C60-8F38-4DA0-9CDD-5827CBF465CB}.Release|Any CPU.Build.0 = Release|Any CPU
		{DE6B7C60-8F38-4DA0-9CDD-5827CBF465CB}.Release|ARM.ActiveCfg = Release|Any CPU
		{DE6B7C60-8F38-4DA0-9CDD-5827CBF465CB}.Release|ARM.Build.0 = Release|Any CPU
		{DE6B7C60-8F38-4DA0-9CDD-5827CBF465CB}.Release|ARM64.ActiveCfg = Release|Any CPU
		{DE6B7C60-8F38-4DA0-9CDD-5827CBF465CB}.Release|ARM64.Build.0 = Release|Any CPU
		{DE6B7C60-8F38-4DA0-9CDD-5827CBF465CB}.Release|x64.ActiveCfg = Release|Any CPU
		{DE6B7C60-8F38-4DA0-9CDD-5827CBF465CB}.Release|x64.Build.0 = Release|Any CPU
		{DE6B7C60-8F38-4DA0-9CDD-5827CBF465CB}.Release|x86.ActiveCfg = Release|Any CPU
		{DE6B7C60-8F38-4DA0-9CDD-5827CBF465CB}.Release|x86.Build.0 = Release|Any CPU
		{907E53F4-7BE8-4FC2-A699-B50E9C0B3F4D}.Debug|Any CPU.ActiveCfg = Debug|Any CPU
		{907E53F4-7BE8-4FC2-A699-B50E9C0B3F4D}.Debug|Any CPU.Build.0 = Debug|Any CPU
		{907E53F4-7BE8-4FC2-A699-B50E9C0B3F4D}.Debug|ARM.ActiveCfg = Debug|Any CPU
		{907E53F4-7BE8-4FC2-A699-B50E9C0B3F4D}.Debug|ARM.Build.0 = Debug|Any CPU
		{907E53F4-7BE8-4FC2-A699-B50E9C0B3F4D}.Debug|ARM64.ActiveCfg = Debug|Any CPU
		{907E53F4-7BE8-4FC2-A699-B50E9C0B3F4D}.Debug|ARM64.Build.0 = Debug|Any CPU
		{907E53F4-7BE8-4FC2-A699-B50E9C0B3F4D}.Debug|x64.ActiveCfg = Debug|Any CPU
		{907E53F4-7BE8-4FC2-A699-B50E9C0B3F4D}.Debug|x64.Build.0 = Debug|Any CPU
		{907E53F4-7BE8-4FC2-A699-B50E9C0B3F4D}.Debug|x86.ActiveCfg = Debug|Any CPU
		{907E53F4-7BE8-4FC2-A699-B50E9C0B3F4D}.Debug|x86.Build.0 = Debug|Any CPU
		{907E53F4-7BE8-4FC2-A699-B50E9C0B3F4D}.Release|Any CPU.ActiveCfg = Release|Any CPU
		{907E53F4-7BE8-4FC2-A699-B50E9C0B3F4D}.Release|Any CPU.Build.0 = Release|Any CPU
		{907E53F4-7BE8-4FC2-A699-B50E9C0B3F4D}.Release|ARM.ActiveCfg = Release|Any CPU
		{907E53F4-7BE8-4FC2-A699-B50E9C0B3F4D}.Release|ARM.Build.0 = Release|Any CPU
		{907E53F4-7BE8-4FC2-A699-B50E9C0B3F4D}.Release|ARM64.ActiveCfg = Release|Any CPU
		{907E53F4-7BE8-4FC2-A699-B50E9C0B3F4D}.Release|ARM64.Build.0 = Release|Any CPU
		{907E53F4-7BE8-4FC2-A699-B50E9C0B3F4D}.Release|x64.ActiveCfg = Release|Any CPU
		{907E53F4-7BE8-4FC2-A699-B50E9C0B3F4D}.Release|x64.Build.0 = Release|Any CPU
		{907E53F4-7BE8-4FC2-A699-B50E9C0B3F4D}.Release|x86.ActiveCfg = Release|Any CPU
		{907E53F4-7BE8-4FC2-A699-B50E9C0B3F4D}.Release|x86.Build.0 = Release|Any CPU
		{B7FA7F91-2D79-450C-AFB7-E278A70A35AD}.Debug|Any CPU.ActiveCfg = Debug|Any CPU
		{B7FA7F91-2D79-450C-AFB7-E278A70A35AD}.Debug|Any CPU.Build.0 = Debug|Any CPU
		{B7FA7F91-2D79-450C-AFB7-E278A70A35AD}.Debug|ARM.ActiveCfg = Debug|Any CPU
		{B7FA7F91-2D79-450C-AFB7-E278A70A35AD}.Debug|ARM.Build.0 = Debug|Any CPU
		{B7FA7F91-2D79-450C-AFB7-E278A70A35AD}.Debug|ARM64.ActiveCfg = Debug|Any CPU
		{B7FA7F91-2D79-450C-AFB7-E278A70A35AD}.Debug|ARM64.Build.0 = Debug|Any CPU
		{B7FA7F91-2D79-450C-AFB7-E278A70A35AD}.Debug|x64.ActiveCfg = Debug|Any CPU
		{B7FA7F91-2D79-450C-AFB7-E278A70A35AD}.Debug|x64.Build.0 = Debug|Any CPU
		{B7FA7F91-2D79-450C-AFB7-E278A70A35AD}.Debug|x86.ActiveCfg = Debug|Any CPU
		{B7FA7F91-2D79-450C-AFB7-E278A70A35AD}.Debug|x86.Build.0 = Debug|Any CPU
		{B7FA7F91-2D79-450C-AFB7-E278A70A35AD}.Release|Any CPU.ActiveCfg = Release|Any CPU
		{B7FA7F91-2D79-450C-AFB7-E278A70A35AD}.Release|Any CPU.Build.0 = Release|Any CPU
		{B7FA7F91-2D79-450C-AFB7-E278A70A35AD}.Release|ARM.ActiveCfg = Release|Any CPU
		{B7FA7F91-2D79-450C-AFB7-E278A70A35AD}.Release|ARM.Build.0 = Release|Any CPU
		{B7FA7F91-2D79-450C-AFB7-E278A70A35AD}.Release|ARM64.ActiveCfg = Release|Any CPU
		{B7FA7F91-2D79-450C-AFB7-E278A70A35AD}.Release|ARM64.Build.0 = Release|Any CPU
		{B7FA7F91-2D79-450C-AFB7-E278A70A35AD}.Release|x64.ActiveCfg = Release|Any CPU
		{B7FA7F91-2D79-450C-AFB7-E278A70A35AD}.Release|x64.Build.0 = Release|Any CPU
		{B7FA7F91-2D79-450C-AFB7-E278A70A35AD}.Release|x86.ActiveCfg = Release|Any CPU
		{B7FA7F91-2D79-450C-AFB7-E278A70A35AD}.Release|x86.Build.0 = Release|Any CPU
		{B63ADF1A-C633-462B-AE5D-9F4545882E07}.Debug|Any CPU.ActiveCfg = Debug|Any CPU
		{B63ADF1A-C633-462B-AE5D-9F4545882E07}.Debug|Any CPU.Build.0 = Debug|Any CPU
		{B63ADF1A-C633-462B-AE5D-9F4545882E07}.Debug|ARM.ActiveCfg = Debug|Any CPU
		{B63ADF1A-C633-462B-AE5D-9F4545882E07}.Debug|ARM.Build.0 = Debug|Any CPU
		{B63ADF1A-C633-462B-AE5D-9F4545882E07}.Debug|ARM64.ActiveCfg = Debug|Any CPU
		{B63ADF1A-C633-462B-AE5D-9F4545882E07}.Debug|ARM64.Build.0 = Debug|Any CPU
		{B63ADF1A-C633-462B-AE5D-9F4545882E07}.Debug|x64.ActiveCfg = Debug|Any CPU
		{B63ADF1A-C633-462B-AE5D-9F4545882E07}.Debug|x64.Build.0 = Debug|Any CPU
		{B63ADF1A-C633-462B-AE5D-9F4545882E07}.Debug|x86.ActiveCfg = Debug|Any CPU
		{B63ADF1A-C633-462B-AE5D-9F4545882E07}.Debug|x86.Build.0 = Debug|Any CPU
		{B63ADF1A-C633-462B-AE5D-9F4545882E07}.Release|Any CPU.ActiveCfg = Release|Any CPU
		{B63ADF1A-C633-462B-AE5D-9F4545882E07}.Release|Any CPU.Build.0 = Release|Any CPU
		{B63ADF1A-C633-462B-AE5D-9F4545882E07}.Release|ARM.ActiveCfg = Release|Any CPU
		{B63ADF1A-C633-462B-AE5D-9F4545882E07}.Release|ARM.Build.0 = Release|Any CPU
		{B63ADF1A-C633-462B-AE5D-9F4545882E07}.Release|ARM64.ActiveCfg = Release|Any CPU
		{B63ADF1A-C633-462B-AE5D-9F4545882E07}.Release|ARM64.Build.0 = Release|Any CPU
		{B63ADF1A-C633-462B-AE5D-9F4545882E07}.Release|x64.ActiveCfg = Release|Any CPU
		{B63ADF1A-C633-462B-AE5D-9F4545882E07}.Release|x64.Build.0 = Release|Any CPU
		{B63ADF1A-C633-462B-AE5D-9F4545882E07}.Release|x86.ActiveCfg = Release|Any CPU
		{B63ADF1A-C633-462B-AE5D-9F4545882E07}.Release|x86.Build.0 = Release|Any CPU
		{6C3DBA87-4B87-474D-8F39-E366ABD939DB}.Debug|Any CPU.ActiveCfg = Debug|Any CPU
		{6C3DBA87-4B87-474D-8F39-E366ABD939DB}.Debug|Any CPU.Build.0 = Debug|Any CPU
		{6C3DBA87-4B87-474D-8F39-E366ABD939DB}.Debug|ARM.ActiveCfg = Debug|Any CPU
		{6C3DBA87-4B87-474D-8F39-E366ABD939DB}.Debug|ARM.Build.0 = Debug|Any CPU
		{6C3DBA87-4B87-474D-8F39-E366ABD939DB}.Debug|ARM64.ActiveCfg = Debug|Any CPU
		{6C3DBA87-4B87-474D-8F39-E366ABD939DB}.Debug|ARM64.Build.0 = Debug|Any CPU
		{6C3DBA87-4B87-474D-8F39-E366ABD939DB}.Debug|x64.ActiveCfg = Debug|Any CPU
		{6C3DBA87-4B87-474D-8F39-E366ABD939DB}.Debug|x64.Build.0 = Debug|Any CPU
		{6C3DBA87-4B87-474D-8F39-E366ABD939DB}.Debug|x86.ActiveCfg = Debug|Any CPU
		{6C3DBA87-4B87-474D-8F39-E366ABD939DB}.Debug|x86.Build.0 = Debug|Any CPU
		{6C3DBA87-4B87-474D-8F39-E366ABD939DB}.Release|Any CPU.ActiveCfg = Release|Any CPU
		{6C3DBA87-4B87-474D-8F39-E366ABD939DB}.Release|Any CPU.Build.0 = Release|Any CPU
		{6C3DBA87-4B87-474D-8F39-E366ABD939DB}.Release|ARM.ActiveCfg = Release|Any CPU
		{6C3DBA87-4B87-474D-8F39-E366ABD939DB}.Release|ARM.Build.0 = Release|Any CPU
		{6C3DBA87-4B87-474D-8F39-E366ABD939DB}.Release|ARM64.ActiveCfg = Release|Any CPU
		{6C3DBA87-4B87-474D-8F39-E366ABD939DB}.Release|ARM64.Build.0 = Release|Any CPU
		{6C3DBA87-4B87-474D-8F39-E366ABD939DB}.Release|x64.ActiveCfg = Release|Any CPU
		{6C3DBA87-4B87-474D-8F39-E366ABD939DB}.Release|x64.Build.0 = Release|Any CPU
		{6C3DBA87-4B87-474D-8F39-E366ABD939DB}.Release|x86.ActiveCfg = Release|Any CPU
		{6C3DBA87-4B87-474D-8F39-E366ABD939DB}.Release|x86.Build.0 = Release|Any CPU
	EndGlobalSection
	GlobalSection(SolutionProperties) = preSolution
		HideSolutionNode = FALSE
	EndGlobalSection
	GlobalSection(ExtensibilityGlobals) = postSolution
		SolutionGuid = {B653E4B7-9A23-40CA-8404-518AF9BF16F2}
	EndGlobalSection
EndGlobal
